github.com/gwaylib/errors v0.0.1 h1:v2SYay8gvN1MdH+ts970gfu7PMMLvJnDNdgSFndHNnE=
github.com/gwaylib/errors v0.0.1/go.mod h1:+HS/JYB/LwqAWsVPCZHFYhwdDiQ/N2kuUqhYD44tfpY=
github.com/gwaylib/errors v0.0.2 h1:UB6eLGEeOmf674D7aJHh8rSdDBt4RnhUxz/LAGuDyJs=
github.com/gwaylib/errors v0.0.2/go.mod h1:+HS/JYB/LwqAWsVPCZHFYhwdDiQ/N2kuUqhYD44tfpY=
